
Microsoft Visual Studio Solution File, Format Version 12.00
# Visual Studio Version 16
VisualStudioVersion = 16.0.31112.23
MinimumVisualStudioVersion = 10.0.40219.1
Project("{FAE04EC0-301F-11D3-BF4B-00C04F79EFBC}") = "MimicAPI", "MimicAPI.csproj", "{A8659514-90E8-4DB4-8EC5-3ED2F5D54AA3}"
EndProject
Global
	GlobalSection(SolutionConfigurationPlatforms) = preSolution
		Debug|Any CPU = Debug|Any CPU
		Release|Any CPU = Release|Any CPU
	EndGlobalSection
	GlobalSection(ProjectConfigurationPlatforms) = postSolution
		{A8659514-90E8-4DB4-8EC5-3ED2F5D54AA3}.Debug|Any CPU.ActiveCfg = Debug|Any CPU
		{A8659514-90E8-4DB4-8EC5-3ED2F5D54AA3}.Debug|Any CPU.Build.0 = Debug|Any CPU
		{A8659514-90E8-4DB4-8EC5-3ED2F5D54AA3}.Release|Any CPU.ActiveCfg = Release|Any CPU
		{A8659514-90E8-4DB4-8EC5-3ED2F5D54AA3}.Release|Any CPU.Build.0 = Release|Any CPU
	EndGlobalSection
	GlobalSection(SolutionProperties) = preSolution
		HideSolutionNode = FALSE
	EndGlobalSection
	GlobalSection(ExtensibilityGlobals) = postSolution
		SolutionGuid = {CE033CF4-7663-4DC4-8839-F5C41999218B}
	EndGlobalSection
EndGlobal
